
Microsoft Visual Studio Solution File, Format Version 12.00
# Visual Studio Version 16
VisualStudioVersion = 16.0.31229.75
MinimumVisualStudioVersion = 10.0.40219.1
Project("{9A19103F-16F7-4668-BE54-9A1E7A4F7556}") = "CS200JE.Basic", "CS200JE\CS200JE.Basic.csproj", "{6FE46F76-96A9-4734-B4AF-C9BDDB8FBB38}"
EndProject
Project("{9A19103F-16F7-4668-BE54-9A1E7A4F7556}") = "A125_WinformApp", "A125_WinformApp\A125_WinformApp.csproj", "{3102C154-351B-45E0-BD7D-445D837030F9}"
EndProject
Project("{2150E333-8FDC-42A3-9474-1A3956D46DE8}") = "A_125", "A_125", "{05064D91-17C3-4F93-99D7-70BBEF9301E8}"
EndProject
Project("{2150E333-8FDC-42A3-9474-1A3956D46DE8}") = "A_126", "A_126", "{6FE96C37-8CF5-4463-A845-1B0EB9C83EB3}"
EndProject
Project("{9A19103F-16F7-4668-BE54-9A1E7A4F7556}") = "A126_FormWithConsole", "A126_FormWithConsole\A126_FormWithConsole.csproj", "{92464903-ECE1-4614-8338-9D15901005C2}"
EndProject
Project("{2150E333-8FDC-42A3-9474-1A3956D46DE8}") = "A_127", "A_127", "{88365942-0C9C-4FAF-8A80-56D2EF927AFD}"
EndProject
Project("{FAE04EC0-301F-11D3-BF4B-00C04F79EFBC}") = "A127_WinFormHello_", "A127_WinFormHello_\A127_WinFormHello_.csproj", "{7C560B4D-2844-4ECF-83A2-C0F08B0EF48A}"
EndProject
Project("{2150E333-8FDC-42A3-9474-1A3956D46DE8}") = "A_129", "A_129", "{94EED5B7-F7D1-4D3B-B48C-AD523918A47B}"
EndProject
Project("{FAE04EC0-301F-11D3-BF4B-00C04F79EFBC}") = "A_129_FormClass", "A_129_FormClass\A_129_FormClass.csproj", "{B0BAA0E7-E8A5-46D8-B176-6DA77A762B27}"
EndProject
Project("{2150E333-8FDC-42A3-9474-1A3956D46DE8}") = "A_130", "A_130", "{A121E873-611E-4EA3-87B6-5590D6648D04}"
EndProject
Project("{2150E333-8FDC-42A3-9474-1A3956D46DE8}") = "CS200JE.WinForm", "CS200JE.WinForm", "{77BEB430-3F23-44EA-A114-8936468C1300}"
EndProject
Project("{FAE04EC0-301F-11D3-BF4B-00C04F79EFBC}") = "A130_MessageBox", "A130_MessageBox\A130_MessageBox.csproj", "{9708368C-1706-4063-BFB7-BB1ABA5502A4}"
EndProject
Project("{2150E333-8FDC-42A3-9474-1A3956D46DE8}") = "A_131", "A_131", "{CC670EF5-6C4F-4A87-A88C-232A3513D96D}"
EndProject
Project("{FAE04EC0-301F-11D3-BF4B-00C04F79EFBC}") = "A131_BasicControls", "A131_BasicControls\A131_BasicControls.csproj", "{E744BC93-4044-4339-B4DC-C0888D8EFB3C}"
EndProject
Project("{2150E333-8FDC-42A3-9474-1A3956D46DE8}") = "A_132", "A_132", "{10BA122F-A498-4CCF-BFBE-9EDA46576BD7}"
EndProject
Project("{FAE04EC0-301F-11D3-BF4B-00C04F79EFBC}") = "A132_Label", "A132_Label\A132_Label.csproj", "{0F01BC19-C887-49E7-835B-D20350ACA233}"
EndProject
Project("{2150E333-8FDC-42A3-9474-1A3956D46DE8}") = "A_133", "A_133", "{11D70976-1ADC-49F6-BABB-BE05D8FAF6ED}"
EndProject
Project("{FAE04EC0-301F-11D3-BF4B-00C04F79EFBC}") = "A133_Flag", "A133_Flag\A133_Flag.csproj", "{D4237BE9-E6EC-438E-9B99-4FF2118CEB2B}"
EndProject
Project("{2150E333-8FDC-42A3-9474-1A3956D46DE8}") = "A_134", "A_134", "{8B7EEADD-A874-4599-A94C-CF2DE468D89B}"
EndProject
Project("{FAE04EC0-301F-11D3-BF4B-00C04F79EFBC}") = "A134_CheckBox", "A134_CheckBox\A134_CheckBox.csproj", "{F04F90D2-0EF5-433B-B003-A698E683FC9C}"
EndProject
Project("{2150E333-8FDC-42A3-9474-1A3956D46DE8}") = "A_135", "A_135", "{315493AE-3E2D-4DB5-95B0-94348C9D5269}"
EndProject
Project("{2150E333-8FDC-42A3-9474-1A3956D46DE8}") = "A_136", "A_136", "{C20E74BB-AEC9-466E-B5CA-146712893C4A}"
EndProject
Project("{FAE04EC0-301F-11D3-BF4B-00C04F79EFBC}") = "A135_RadioButton", "A135_RadioButton\A135_RadioButton.csproj", "{4994F38A-27D2-4F20-87F7-F2F35F559D9B}"
EndProject
Project("{FAE04EC0-301F-11D3-BF4B-00C04F79EFBC}") = "A136_Login", "A136_Login\A136_Login.csproj", "{32F59640-C066-4F88-BB2D-41D086FB59DE}"
EndProject
Project("{2150E333-8FDC-42A3-9474-1A3956D46DE8}") = "A_137", "A_137", "{6048169F-8604-4CAC-AFC7-81E621D95F7E}"
EndProject
Project("{FAE04EC0-301F-11D3-BF4B-00C04F79EFBC}") = "A137_ScoreCalc", "A137_ScoreCalc\A137_ScoreCalc.csproj", "{B29974B1-3532-4DE0-8CF1-338856A1B794}"
EndProject
Project("{2150E333-8FDC-42A3-9474-1A3956D46DE8}") = "A_138", "A_138", "{64F38687-4E6B-40F1-8C5C-0CAD95231209}"
EndProject
Project("{FAE04EC0-301F-11D3-BF4B-00C04F79EFBC}") = "A138_MaskedTextBox", "A138_MaskedTextBox\A138_MaskedTextBox.csproj", "{C3DD77ED-C102-477F-AA41-003F7D8C35EC}"
EndProject
Project("{2150E333-8FDC-42A3-9474-1A3956D46DE8}") = "A_139", "A_139", "{C2E80D14-DE63-4230-BED6-880ED2EC3636}"
EndProject
Project("{FAE04EC0-301F-11D3-BF4B-00C04F79EFBC}") = "A139_RgbScrollBar", "A139_RgbScrollBar\A139_RgbScrollBar.csproj", "{122FCA59-3047-411F-BBB7-EE6CD7551C37}"
EndProject
Project("{2150E333-8FDC-42A3-9474-1A3956D46DE8}") = "A_140", "A_140", "{CB5AE384-1DCA-4B1B-9175-B10C07998454}"
EndProject
Project("{FAE04EC0-301F-11D3-BF4B-00C04F79EFBC}") = "A140_ListBox", "A140_ListBox\A140_ListBox.csproj", "{0E829316-51A4-4F0B-944B-C3829249740A}"
EndProject
Project("{2150E333-8FDC-42A3-9474-1A3956D46DE8}") = "A_141", "A_141", "{4172FF3A-E821-450E-9067-8A136AC30639}"
EndProject
Project("{FAE04EC0-301F-11D3-BF4B-00C04F79EFBC}") = "A141_ComboBox", "A141_ComboBox\A141_ComboBox.csproj", "{F36C563B-C7D9-4803-A6E7-8B5699A2BA69}"
EndProject
Project("{2150E333-8FDC-42A3-9474-1A3956D46DE8}") = "A_142", "A_142", "{739D88C8-F7BB-4754-808E-2D66C623634D}"
EndProject
Project("{FAE04EC0-301F-11D3-BF4B-00C04F79EFBC}") = "A142_CheckListBox", "A142_CheckListBox\A142_CheckListBox.csproj", "{41578CB4-A310-42C9-9B39-16D22106C5F3}"
EndProject
Project("{2150E333-8FDC-42A3-9474-1A3956D46DE8}") = "A_143", "A_143", "{B55228B2-9AF5-4C7E-B164-CB94F7DB1ADF}"
EndProject
Project("{FAE04EC0-301F-11D3-BF4B-00C04F79EFBC}") = "A143_GradeCalc", "A143_GradeCalc\A143_GradeCalc.csproj", "{32D691D0-9D88-4732-AC01-0D4349C4CC68}"
EndProject
Project("{2150E333-8FDC-42A3-9474-1A3956D46DE8}") = "A_144", "A_144", "{26DC1946-6059-47D4-906D-FFB5E087DAE5}"
EndProject
Project("{FAE04EC0-301F-11D3-BF4B-00C04F79EFBC}") = "A144_ListView", "A144_ListView\A144_ListView.csproj", "{49A648A3-D17F-43DB-80FC-914AA7FEC330}"
EndProject
Project("{2150E333-8FDC-42A3-9474-1A3956D46DE8}") = "A_145", "A_145", "{B78B268D-4055-4B06-A2CB-A2DE37FF65A7}"
EndProject
Project("{FAE04EC0-301F-11D3-BF4B-00C04F79EFBC}") = "A146_TreeView", "A146_TreeView\A146_TreeView.csproj", "{D158C620-C9DB-4D82-8429-8EEBC821919B}"
EndProject
Project("{2150E333-8FDC-42A3-9474-1A3956D46DE8}") = "CS200JE.WPF", "CS200JE.WPF", "{4A082715-B4AB-4B4E-A120-517FD959B2C0}"
EndProject
Global
	GlobalSection(SolutionConfigurationPlatforms) = preSolution
		Debug|Any CPU = Debug|Any CPU
		Release|Any CPU = Release|Any CPU
	EndGlobalSection
	GlobalSection(ProjectConfigurationPlatforms) = postSolution
		{6FE46F76-96A9-4734-B4AF-C9BDDB8FBB38}.Debug|Any CPU.ActiveCfg = Debug|Any CPU
		{6FE46F76-96A9-4734-B4AF-C9BDDB8FBB38}.Debug|Any CPU.Build.0 = Debug|Any CPU
		{6FE46F76-96A9-4734-B4AF-C9BDDB8FBB38}.Release|Any CPU.ActiveCfg = Release|Any CPU
		{6FE46F76-96A9-4734-B4AF-C9BDDB8FBB38}.Release|Any CPU.Build.0 = Release|Any CPU
		{3102C154-351B-45E0-BD7D-445D837030F9}.Debug|Any CPU.ActiveCfg = Debug|Any CPU
		{3102C154-351B-45E0-BD7D-445D837030F9}.Debug|Any CPU.Build.0 = Debug|Any CPU
		{3102C154-351B-45E0-BD7D-445D837030F9}.Release|Any CPU.ActiveCfg = Release|Any CPU
		{3102C154-351B-45E0-BD7D-445D837030F9}.Release|Any CPU.Build.0 = Release|Any CPU
		{92464903-ECE1-4614-8338-9D15901005C2}.Debug|Any CPU.ActiveCfg = Debug|Any CPU
		{92464903-ECE1-4614-8338-9D15901005C2}.Debug|Any CPU.Build.0 = Debug|Any CPU
		{92464903-ECE1-4614-8338-9D15901005C2}.Release|Any CPU.ActiveCfg = Release|Any CPU
		{92464903-ECE1-4614-8338-9D15901005C2}.Release|Any CPU.Build.0 = Release|Any CPU
		{7C560B4D-2844-4ECF-83A2-C0F08B0EF48A}.Debug|Any CPU.ActiveCfg = Debug|Any CPU
		{7C560B4D-2844-4ECF-83A2-C0F08B0EF48A}.Debug|Any CPU.Build.0 = Debug|Any CPU
		{7C560B4D-2844-4ECF-83A2-C0F08B0EF48A}.Release|Any CPU.ActiveCfg = Release|Any CPU
		{7C560B4D-2844-4ECF-83A2-C0F08B0EF48A}.Release|Any CPU.Build.0 = Release|Any CPU
		{B0BAA0E7-E8A5-46D8-B176-6DA77A762B27}.Debug|Any CPU.ActiveCfg = Debug|Any CPU
		{B0BAA0E7-E8A5-46D8-B176-6DA77A762B27}.Debug|Any CPU.Build.0 = Debug|Any CPU
		{B0BAA0E7-E8A5-46D8-B176-6DA77A762B27}.Release|Any CPU.ActiveCfg = Release|Any CPU
		{B0BAA0E7-E8A5-46D8-B176-6DA77A762B27}.Release|Any CPU.Build.0 = Release|Any CPU
		{9708368C-1706-4063-BFB7-BB1ABA5502A4}.Debug|Any CPU.ActiveCfg = Debug|Any CPU
		{9708368C-1706-4063-BFB7-BB1ABA5502A4}.Debug|Any CPU.Build.0 = Debug|Any CPU
		{9708368C-1706-4063-BFB7-BB1ABA5502A4}.Release|Any CPU.ActiveCfg = Release|Any CPU
		{9708368C-1706-4063-BFB7-BB1ABA5502A4}.Release|Any CPU.Build.0 = Release|Any CPU
		{E744BC93-4044-4339-B4DC-C0888D8EFB3C}.Debug|Any CPU.ActiveCfg = Debug|Any CPU
		{E744BC93-4044-4339-B4DC-C0888D8EFB3C}.Debug|Any CPU.Build.0 = Debug|Any CPU
		{E744BC93-4044-4339-B4DC-C0888D8EFB3C}.Release|Any CPU.ActiveCfg = Release|Any CPU
		{E744BC93-4044-4339-B4DC-C0888D8EFB3C}.Release|Any CPU.Build.0 = Release|Any CPU
		{0F01BC19-C887-49E7-835B-D20350ACA233}.Debug|Any CPU.ActiveCfg = Debug|Any CPU
		{0F01BC19-C887-49E7-835B-D20350ACA233}.Debug|Any CPU.Build.0 = Debug|Any CPU
		{0F01BC19-C887-49E7-835B-D20350ACA233}.Release|Any CPU.ActiveCfg = Release|Any CPU
		{0F01BC19-C887-49E7-835B-D20350ACA233}.Release|Any CPU.Build.0 = Release|Any CPU
		{D4237BE9-E6EC-438E-9B99-4FF2118CEB2B}.Debug|Any CPU.ActiveCfg = Debug|Any CPU
		{D4237BE9-E6EC-438E-9B99-4FF2118CEB2B}.Debug|Any CPU.Build.0 = Debug|Any CPU
		{D4237BE9-E6EC-438E-9B99-4FF2118CEB2B}.Release|Any CPU.ActiveCfg = Release|Any CPU
		{D4237BE9-E6EC-438E-9B99-4FF2118CEB2B}.Release|Any CPU.Build.0 = Release|Any CPU
		{F04F90D2-0EF5-433B-B003-A698E683FC9C}.Debug|Any CPU.ActiveCfg = Debug|Any CPU
		{F04F90D2-0EF5-433B-B003-A698E683FC9C}.Debug|Any CPU.Build.0 = Debug|Any CPU
		{F04F90D2-0EF5-433B-B003-A698E683FC9C}.Release|Any CPU.ActiveCfg = Release|Any CPU
		{F04F90D2-0EF5-433B-B003-A698E683FC9C}.Release|Any CPU.Build.0 = Release|Any CPU
		{4994F38A-27D2-4F20-87F7-F2F35F559D9B}.Debug|Any CPU.ActiveCfg = Debug|Any CPU
		{4994F38A-27D2-4F20-87F7-F2F35F559D9B}.Debug|Any CPU.Build.0 = Debug|Any CPU
		{4994F38A-27D2-4F20-87F7-F2F35F559D9B}.Release|Any CPU.ActiveCfg = Release|Any CPU
		{4994F38A-27D2-4F20-87F7-F2F35F559D9B}.Release|Any CPU.Build.0 = Release|Any CPU
		{32F59640-C066-4F88-BB2D-41D086FB59DE}.Debug|Any CPU.ActiveCfg = Debug|Any CPU
		{32F59640-C066-4F88-BB2D-41D086FB59DE}.Debug|Any CPU.Build.0 = Debug|Any CPU
		{32F59640-C066-4F88-BB2D-41D086FB59DE}.Release|Any CPU.ActiveCfg = Release|Any CPU
		{32F59640-C066-4F88-BB2D-41D086FB59DE}.Release|Any CPU.Build.0 = Release|Any CPU
		{B29974B1-3532-4DE0-8CF1-338856A1B794}.Debug|Any CPU.ActiveCfg = Debug|Any CPU
		{B29974B1-3532-4DE0-8CF1-338856A1B794}.Debug|Any CPU.Build.0 = Debug|Any CPU
		{B29974B1-3532-4DE0-8CF1-338856A1B794}.Release|Any CPU.ActiveCfg = Release|Any CPU
		{B29974B1-3532-4DE0-8CF1-338856A1B794}.Release|Any CPU.Build.0 = Release|Any CPU
		{C3DD77ED-C102-477F-AA41-003F7D8C35EC}.Debug|Any CPU.ActiveCfg = Debug|Any CPU
		{C3DD77ED-C102-477F-AA41-003F7D8C35EC}.Debug|Any CPU.Build.0 = Debug|Any CPU
		{C3DD77ED-C102-477F-AA41-003F7D8C35EC}.Release|Any CPU.ActiveCfg = Release|Any CPU
		{C3DD77ED-C102-477F-AA41-003F7D8C35EC}.Release|Any CPU.Build.0 = Release|Any CPU
		{122FCA59-3047-411F-BBB7-EE6CD7551C37}.Debug|Any CPU.ActiveCfg = Debug|Any CPU
		{122FCA59-3047-411F-BBB7-EE6CD7551C37}.Debug|Any CPU.Build.0 = Debug|Any CPU
		{122FCA59-3047-411F-BBB7-EE6CD7551C37}.Release|Any CPU.ActiveCfg = Release|Any CPU
		{122FCA59-3047-411F-BBB7-EE6CD7551C37}.Release|Any CPU.Build.0 = Release|Any CPU
		{0E829316-51A4-4F0B-944B-C3829249740A}.Debug|Any CPU.ActiveCfg = Debug|Any CPU
		{0E829316-51A4-4F0B-944B-C3829249740A}.Debug|Any CPU.Build.0 = Debug|Any CPU
		{0E829316-51A4-4F0B-944B-C3829249740A}.Release|Any CPU.ActiveCfg = Release|Any CPU
		{0E829316-51A4-4F0B-944B-C3829249740A}.Release|Any CPU.Build.0 = Release|Any CPU
		{F36C563B-C7D9-4803-A6E7-8B5699A2BA69}.Debug|Any CPU.ActiveCfg = Debug|Any CPU
		{F36C563B-C7D9-4803-A6E7-8B5699A2BA69}.Debug|Any CPU.Build.0 = Debug|Any CPU
		{F36C563B-C7D9-4803-A6E7-8B5699A2BA69}.Release|Any CPU.ActiveCfg = Release|Any CPU
		{F36C563B-C7D9-4803-A6E7-8B5699A2BA69}.Release|Any CPU.Build.0 = Release|Any CPU
		{41578CB4-A310-42C9-9B39-16D22106C5F3}.Debug|Any CPU.ActiveCfg = Debug|Any CPU
		{41578CB4-A310-42C9-9B39-16D22106C5F3}.Debug|Any CPU.Build.0 = Debug|Any CPU
		{41578CB4-A310-42C9-9B39-16D22106C5F3}.Release|Any CPU.ActiveCfg = Release|Any CPU
		{41578CB4-A310-42C9-9B39-16D22106C5F3}.Release|Any CPU.Build.0 = Release|Any CPU
		{32D691D0-9D88-4732-AC01-0D4349C4CC68}.Debug|Any CPU.ActiveCfg = Debug|Any CPU
		{32D691D0-9D88-4732-AC01-0D4349C4CC68}.Debug|Any CPU.Build.0 = Debug|Any CPU
		{32D691D0-9D88-4732-AC01-0D4349C4CC68}.Release|Any CPU.ActiveCfg = Release|Any CPU
		{32D691D0-9D88-4732-AC01-0D4349C4CC68}.Release|Any CPU.Build.0 = Release|Any CPU
		{49A648A3-D17F-43DB-80FC-914AA7FEC330}.Debug|Any CPU.ActiveCfg = Debug|Any CPU
		{49A648A3-D17F-43DB-80FC-914AA7FEC330}.Debug|Any CPU.Build.0 = Debug|Any CPU
		{49A648A3-D17F-43DB-80FC-914AA7FEC330}.Release|Any CPU.ActiveCfg = Release|Any CPU
		{49A648A3-D17F-43DB-80FC-914AA7FEC330}.Release|Any CPU.Build.0 = Release|Any CPU
		{D158C620-C9DB-4D82-8429-8EEBC821919B}.Debug|Any CPU.ActiveCfg = Debug|Any CPU
		{D158C620-C9DB-4D82-8429-8EEBC821919B}.Debug|Any CPU.Build.0 = Debug|Any CPU
		{D158C620-C9DB-4D82-8429-8EEBC821919B}.Release|Any CPU.ActiveCfg = Release|Any CPU
		{D158C620-C9DB-4D82-8429-8EEBC821919B}.Release|Any CPU.Build.0 = Release|Any CPU
	EndGlobalSection
	GlobalSection(SolutionProperties) = preSolution
		HideSolutionNode = FALSE
	EndGlobalSection
	GlobalSection(NestedProjects) = preSolution
		{3102C154-351B-45E0-BD7D-445D837030F9} = {05064D91-17C3-4F93-99D7-70BBEF9301E8}
		{05064D91-17C3-4F93-99D7-70BBEF9301E8} = {77BEB430-3F23-44EA-A114-8936468C1300}
		{6FE96C37-8CF5-4463-A845-1B0EB9C83EB3} = {77BEB430-3F23-44EA-A114-8936468C1300}
		{92464903-ECE1-4614-8338-9D15901005C2} = {6FE96C37-8CF5-4463-A845-1B0EB9C83EB3}
		{88365942-0C9C-4FAF-8A80-56D2EF927AFD} = {77BEB430-3F23-44EA-A114-8936468C1300}
		{7C560B4D-2844-4ECF-83A2-C0F08B0EF48A} = {88365942-0C9C-4FAF-8A80-56D2EF927AFD}
		{94EED5B7-F7D1-4D3B-B48C-AD523918A47B} = {77BEB430-3F23-44EA-A114-8936468C1300}
		{B0BAA0E7-E8A5-46D8-B176-6DA77A762B27} = {94EED5B7-F7D1-4D3B-B48C-AD523918A47B}
		{A121E873-611E-4EA3-87B6-5590D6648D04} = {77BEB430-3F23-44EA-A114-8936468C1300}
		{9708368C-1706-4063-BFB7-BB1ABA5502A4} = {A121E873-611E-4EA3-87B6-5590D6648D04}
		{CC670EF5-6C4F-4A87-A88C-232A3513D96D} = {77BEB430-3F23-44EA-A114-8936468C1300}
		{E744BC93-4044-4339-B4DC-C0888D8EFB3C} = {CC670EF5-6C4F-4A87-A88C-232A3513D96D}
		{10BA122F-A498-4CCF-BFBE-9EDA46576BD7} = {77BEB430-3F23-44EA-A114-8936468C1300}
		{0F01BC19-C887-49E7-835B-D20350ACA233} = {10BA122F-A498-4CCF-BFBE-9EDA46576BD7}
		{11D70976-1ADC-49F6-BABB-BE05D8FAF6ED} = {77BEB430-3F23-44EA-A114-8936468C1300}
		{D4237BE9-E6EC-438E-9B99-4FF2118CEB2B} = {11D70976-1ADC-49F6-BABB-BE05D8FAF6ED}
		{8B7EEADD-A874-4599-A94C-CF2DE468D89B} = {77BEB430-3F23-44EA-A114-8936468C1300}
		{F04F90D2-0EF5-433B-B003-A698E683FC9C} = {8B7EEADD-A874-4599-A94C-CF2DE468D89B}
		{315493AE-3E2D-4DB5-95B0-94348C9D5269} = {77BEB430-3F23-44EA-A114-8936468C1300}
		{C20E74BB-AEC9-466E-B5CA-146712893C4A} = {77BEB430-3F23-44EA-A114-8936468C1300}
		{4994F38A-27D2-4F20-87F7-F2F35F559D9B} = {315493AE-3E2D-4DB5-95B0-94348C9D5269}
		{32F59640-C066-4F88-BB2D-41D086FB59DE} = {C20E74BB-AEC9-466E-B5CA-146712893C4A}
		{6048169F-8604-4CAC-AFC7-81E621D95F7E} = {77BEB430-3F23-44EA-A114-8936468C1300}
		{B29974B1-3532-4DE0-8CF1-338856A1B794} = {6048169F-8604-4CAC-AFC7-81E621D95F7E}
		{64F38687-4E6B-40F1-8C5C-0CAD95231209} = {77BEB430-3F23-44EA-A114-8936468C1300}
		{C3DD77ED-C102-477F-AA41-003F7D8C35EC} = {64F38687-4E6B-40F1-8C5C-0CAD95231209}
		{C2E80D14-DE63-4230-BED6-880ED2EC3636} = {77BEB430-3F23-44EA-A114-8936468C1300}
		{122FCA59-3047-411F-BBB7-EE6CD7551C37} = {C2E80D14-DE63-4230-BED6-880ED2EC3636}
		{CB5AE384-1DCA-4B1B-9175-B10C07998454} = {77BEB430-3F23-44EA-A114-8936468C1300}
		{0E829316-51A4-4F0B-944B-C3829249740A} = {CB5AE384-1DCA-4B1B-9175-B10C07998454}
		{4172FF3A-E821-450E-9067-8A136AC30639} = {77BEB430-3F23-44EA-A114-8936468C1300}
		{F36C563B-C7D9-4803-A6E7-8B5699A2BA69} = {4172FF3A-E821-450E-9067-8A136AC30639}
		{739D88C8-F7BB-4754-808E-2D66C623634D} = {77BEB430-3F23-44EA-A114-8936468C1300}
		{41578CB4-A310-42C9-9B39-16D22106C5F3} = {739D88C8-F7BB-4754-808E-2D66C623634D}
		{B55228B2-9AF5-4C7E-B164-CB94F7DB1ADF} = {77BEB430-3F23-44EA-A114-8936468C1300}
		{32D691D0-9D88-4732-AC01-0D4349C4CC68} = {B55228B2-9AF5-4C7E-B164-CB94F7DB1ADF}
		{26DC1946-6059-47D4-906D-FFB5E087DAE5} = {77BEB430-3F23-44EA-A114-8936468C1300}
		{49A648A3-D17F-43DB-80FC-914AA7FEC330} = {26DC1946-6059-47D4-906D-FFB5E087DAE5}
		{B78B268D-4055-4B06-A2CB-A2DE37FF65A7} = {77BEB430-3F23-44EA-A114-8936468C1300}
		{D158C620-C9DB-4D82-8429-8EEBC821919B} = {B78B268D-4055-4B06-A2CB-A2DE37FF65A7}
	EndGlobalSection
	GlobalSection(ExtensibilityGlobals) = postSolution
		SolutionGuid = {F47C22E8-BD1B-42E4-B2E7-90BDD4445283}
	EndGlobalSection
EndGlobal
